// !$*UTF8*$!
{
	archiveVersion = 1;
	classes = {
	};
	objectVersion = 51;
	objects = {

/* Begin PBXBuildFile section */
		9AA521366735034C5F2B5B66 /* Main.storyboard in Resources */ = {isa = PBXBuildFile; fileRef = 9AA52F00BF0A9767E0AF6CC2 /* Main.storyboard */; };
		9AA5216D02FDEAEFF2D1533A /* Restaurant.swift in Sources */ = {isa = PBXBuildFile; fileRef = 9AA5215B00BA93C1E6362296 /* Restaurant.swift */; };
		9AA5217BCA3883EFAB6DB894 /* RestaurantService.swift in Sources */ = {isa = PBXBuildFile; fileRef = 9AA526D59D11DC3ABF5F3467 /* RestaurantService.swift */; };
		9AA52300AC58177E0D2381AA /* RestaurantViewController.swift in Sources */ = {isa = PBXBuildFile; fileRef = 9AA52F6305D87C5780C43849 /* RestaurantViewController.swift */; };
		9AA52DC38CD73A6343355E9F /* restaurants.json in Resources */ = {isa = PBXBuildFile; fileRef = 9AA52EBD08037E756D9CC0F2 /* restaurants.json */; };
		9AA52E9F25ABE6C4FB410EDB /* RestaurantViewModel.swift in Sources */ = {isa = PBXBuildFile; fileRef = 9AA52353753A47292ABC4DEC /* RestaurantViewModel.swift */; };
		D4A4E044775EBFB2C27D5BC9 /* Pods_MVVMRxSwift_MVVMRxSwiftUITests.framework in Frameworks */ = {isa = PBXBuildFile; fileRef = F6CAB0ABD3C63BD086E22A5A /* Pods_MVVMRxSwift_MVVMRxSwiftUITests.framework */; };
		D679ACC9E1AD62D299AC0442 /* Pods_MVVMRxSwift.framework in Frameworks */ = {isa = PBXBuildFile; fileRef = C5FCFBE4C1467194CBD05D6F /* Pods_MVVMRxSwift.framework */; };
		D7D6AADB48DE41D9C202D79D /* Pods_MVVMRxSwiftTests.framework in Frameworks */ = {isa = PBXBuildFile; fileRef = D0646E7885FC8579C662E023 /* Pods_MVVMRxSwiftTests.framework */; };
		EECAB535261DE98000D3AC7E /* AppDelegate.swift in Sources */ = {isa = PBXBuildFile; fileRef = EECAB534261DE98000D3AC7E /* AppDelegate.swift */; };
		EECAB537261DE98000D3AC7E /* SceneDelegate.swift in Sources */ = {isa = PBXBuildFile; fileRef = EECAB536261DE98000D3AC7E /* SceneDelegate.swift */; };
		EECAB53E261DE98100D3AC7E /* Assets.xcassets in Resources */ = {isa = PBXBuildFile; fileRef = EECAB53D261DE98100D3AC7E /* Assets.xcassets */; };
		EECAB541261DE98100D3AC7E /* LaunchScreen.storyboard in Resources */ = {isa = PBXBuildFile; fileRef = EECAB53F261DE98100D3AC7E /* LaunchScreen.storyboard */; };
		EECAB54C261DE98200D3AC7E /* MVVMRxSwiftTests.swift in Sources */ = {isa = PBXBuildFile; fileRef = EECAB54B261DE98200D3AC7E /* MVVMRxSwiftTests.swift */; };
		EECAB557261DE98200D3AC7E /* MVVMRxSwiftUITests.swift in Sources */ = {isa = PBXBuildFile; fileRef = EECAB556261DE98200D3AC7E /* MVVMRxSwiftUITests.swift */; };
/* End PBXBuildFile section */

/* Begin PBXContainerItemProxy section */
		EECAB548261DE98200D3AC7E /* PBXContainerItemProxy */ = {
			isa = PBXContainerItemProxy;
			containerPortal = EECAB529261DE98000D3AC7E /* Project object */;
			proxyType = 1;
			remoteGlobalIDString = EECAB530261DE98000D3AC7E;
			remoteInfo = MVVMRxSwift;
		};
		EECAB553261DE98200D3AC7E /* PBXContainerItemProxy */ = {
			isa = PBXContainerItemProxy;
			containerPortal = EECAB529261DE98000D3AC7E /* Project object */;
			proxyType = 1;
			remoteGlobalIDString = EECAB530261DE98000D3AC7E;
			remoteInfo = MVVMRxSwift;
		};
/* End PBXContainerItemProxy section */

/* Begin PBXFileReference section */
		3D44F3D95C556664BEF916F6 /* Pods-MVVMRxSwift-MVVMRxSwiftUITests.debug.xcconfig */ = {isa = PBXFileReference; includeInIndex = 1; lastKnownFileType = text.xcconfig; name = "Pods-MVVMRxSwift-MVVMRxSwiftUITests.debug.xcconfig"; path = "Target Support Files/Pods-MVVMRxSwift-MVVMRxSwiftUITests/Pods-MVVMRxSwift-MVVMRxSwiftUITests.debug.xcconfig"; sourceTree = "<group>"; };
		839D9DCA8D617243D45E2407 /* Pods-MVVMRxSwiftTests.release.xcconfig */ = {isa = PBXFileReference; includeInIndex = 1; lastKnownFileType = text.xcconfig; name = "Pods-MVVMRxSwiftTests.release.xcconfig"; path = "Target Support Files/Pods-MVVMRxSwiftTests/Pods-MVVMRxSwiftTests.release.xcconfig"; sourceTree = "<group>"; };
		9165B631CFC54CE7757DC469 /* Pods-MVVMRxSwift.release.xcconfig */ = {isa = PBXFileReference; includeInIndex = 1; lastKnownFileType = text.xcconfig; name = "Pods-MVVMRxSwift.release.xcconfig"; path = "Target Support Files/Pods-MVVMRxSwift/Pods-MVVMRxSwift.release.xcconfig"; sourceTree = "<group>"; };
		9225FE3934A5E5F0FF8EF470 /* Pods-MVVMRxSwift.debug.xcconfig */ = {isa = PBXFileReference; includeInIndex = 1; lastKnownFileType = text.xcconfig; name = "Pods-MVVMRxSwift.debug.xcconfig"; path = "Target Support Files/Pods-MVVMRxSwift/Pods-MVVMRxSwift.debug.xcconfig"; sourceTree = "<group>"; };
		9AA5215B00BA93C1E6362296 /* Restaurant.swift */ = {isa = PBXFileReference; fileEncoding = 4; lastKnownFileType = sourcecode.swift; path = Restaurant.swift; sourceTree = "<group>"; };
		9AA52353753A47292ABC4DEC /* RestaurantViewModel.swift */ = {isa = PBXFileReference; fileEncoding = 4; lastKnownFileType = sourcecode.swift; path = RestaurantViewModel.swift; sourceTree = "<group>"; };
		9AA526D59D11DC3ABF5F3467 /* RestaurantService.swift */ = {isa = PBXFileReference; fileEncoding = 4; lastKnownFileType = sourcecode.swift; path = RestaurantService.swift; sourceTree = "<group>"; };
		9AA52EBD08037E756D9CC0F2 /* restaurants.json */ = {isa = PBXFileReference; fileEncoding = 4; lastKnownFileType = text.json; path = restaurants.json; sourceTree = "<group>"; };
		9AA52F00BF0A9767E0AF6CC2 /* Main.storyboard */ = {isa = PBXFileReference; lastKnownFileType = file.storyboard; path = Main.storyboard; sourceTree = "<group>"; };
		9AA52F6305D87C5780C43849 /* RestaurantViewController.swift */ = {isa = PBXFileReference; fileEncoding = 4; lastKnownFileType = sourcecode.swift; path = RestaurantViewController.swift; sourceTree = "<group>"; };
		C5FCFBE4C1467194CBD05D6F /* Pods_MVVMRxSwift.framework */ = {isa = PBXFileReference; explicitFileType = wrapper.framework; includeInIndex = 0; path = Pods_MVVMRxSwift.framework; sourceTree = BUILT_PRODUCTS_DIR; };
		D0646E7885FC8579C662E023 /* Pods_MVVMRxSwiftTests.framework */ = {isa = PBXFileReference; explicitFileType = wrapper.framework; includeInIndex = 0; path = Pods_MVVMRxSwiftTests.framework; sourceTree = BUILT_PRODUCTS_DIR; };
		E8A19B1CF456A92F433920AE /* Pods-MVVMRxSwift-MVVMRxSwiftUITests.release.xcconfig */ = {isa = PBXFileReference; includeInIndex = 1; lastKnownFileType = text.xcconfig; name = "Pods-MVVMRxSwift-MVVMRxSwiftUITests.release.xcconfig"; path = "Target Support Files/Pods-MVVMRxSwift-MVVMRxSwiftUITests/Pods-MVVMRxSwift-MVVMRxSwiftUITests.release.xcconfig"; sourceTree = "<group>"; };
		EECAB531261DE98000D3AC7E /* MVVMRxSwift.app */ = {isa = PBXFileReference; explicitFileType = wrapper.application; includeInIndex = 0; path = MVVMRxSwift.app; sourceTree = BUILT_PRODUCTS_DIR; };
		EECAB534261DE98000D3AC7E /* AppDelegate.swift */ = {isa = PBXFileReference; lastKnownFileType = sourcecode.swift; path = AppDelegate.swift; sourceTree = "<group>"; };
		EECAB536261DE98000D3AC7E /* SceneDelegate.swift */ = {isa = PBXFileReference; lastKnownFileType = sourcecode.swift; path = SceneDelegate.swift; sourceTree = "<group>"; };
		EECAB53D261DE98100D3AC7E /* Assets.xcassets */ = {isa = PBXFileReference; lastKnownFileType = folder.assetcatalog; path = Assets.xcassets; sourceTree = "<group>"; };
		EECAB540261DE98100D3AC7E /* Base */ = {isa = PBXFileReference; lastKnownFileType = file.storyboard; name = Base; path = Base.lproj/LaunchScreen.storyboard; sourceTree = "<group>"; };
		EECAB542261DE98100D3AC7E /* Info.plist */ = {isa = PBXFileReference; lastKnownFileType = text.plist.xml; path = Info.plist; sourceTree = "<group>"; };
		EECAB547261DE98200D3AC7E /* MVVMRxSwiftTests.xctest */ = {isa = PBXFileReference; explicitFileType = wrapper.cfbundle; includeInIndex = 0; path = MVVMRxSwiftTests.xctest; sourceTree = BUILT_PRODUCTS_DIR; };
		EECAB54B261DE98200D3AC7E /* MVVMRxSwiftTests.swift */ = {isa = PBXFileReference; lastKnownFileType = sourcecode.swift; path = MVVMRxSwiftTests.swift; sourceTree = "<group>"; };
		EECAB54D261DE98200D3AC7E /* Info.plist */ = {isa = PBXFileReference; lastKnownFileType = text.plist.xml; path = Info.plist; sourceTree = "<group>"; };
		EECAB552261DE98200D3AC7E /* MVVMRxSwiftUITests.xctest */ = {isa = PBXFileReference; explicitFileType = wrapper.cfbundle; includeInIndex = 0; path = MVVMRxSwiftUITests.xctest; sourceTree = BUILT_PRODUCTS_DIR; };
		EECAB556261DE98200D3AC7E /* MVVMRxSwiftUITests.swift */ = {isa = PBXFileReference; lastKnownFileType = sourcecode.swift; path = MVVMRxSwiftUITests.swift; sourceTree = "<group>"; };
		EECAB558261DE98200D3AC7E /* Info.plist */ = {isa = PBXFileReference; lastKnownFileType = text.plist.xml; path = Info.plist; sourceTree = "<group>"; };
		F4D5132AC388EE4BED94525C /* Pods-MVVMRxSwiftTests.debug.xcconfig */ = {isa = PBXFileReference; includeInIndex = 1; lastKnownFileType = text.xcconfig; name = "Pods-MVVMRxSwiftTests.debug.xcconfig"; path = "Target Support Files/Pods-MVVMRxSwiftTests/Pods-MVVMRxSwiftTests.debug.xcconfig"; sourceTree = "<group>"; };
		F6CAB0ABD3C63BD086E22A5A /* Pods_MVVMRxSwift_MVVMRxSwiftUITests.framework */ = {isa = PBXFileReference; explicitFileType = wrapper.framework; includeInIndex = 0; path = Pods_MVVMRxSwift_MVVMRxSwiftUITests.framework; sourceTree = BUILT_PRODUCTS_DIR; };
/* End PBXFileReference section */

/* Begin PBXFrameworksBuildPhase section */
		EECAB52E261DE98000D3AC7E /* Frameworks */ = {
			isa = PBXFrameworksBuildPhase;
			buildActionMask = 2147483647;
			files = (
				D679ACC9E1AD62D299AC0442 /* Pods_MVVMRxSwift.framework in Frameworks */,
			);
			runOnlyForDeploymentPostprocessing = 0;
		};
		EECAB544261DE98200D3AC7E /* Frameworks */ = {
			isa = PBXFrameworksBuildPhase;
			buildActionMask = 2147483647;
			files = (
				D7D6AADB48DE41D9C202D79D /* Pods_MVVMRxSwiftTests.framework in Frameworks */,
			);
			runOnlyForDeploymentPostprocessing = 0;
		};
		EECAB54F261DE98200D3AC7E /* Frameworks */ = {
			isa = PBXFrameworksBuildPhase;
			buildActionMask = 2147483647;
			files = (
				D4A4E044775EBFB2C27D5BC9 /* Pods_MVVMRxSwift_MVVMRxSwiftUITests.framework in Frameworks */,
			);
			runOnlyForDeploymentPostprocessing = 0;
		};
/* End PBXFrameworksBuildPhase section */

/* Begin PBXGroup section */
		6686082D9462DFA5475A51BE /* Frameworks */ = {
			isa = PBXGroup;
			children = (
				C5FCFBE4C1467194CBD05D6F /* Pods_MVVMRxSwift.framework */,
				F6CAB0ABD3C63BD086E22A5A /* Pods_MVVMRxSwift_MVVMRxSwiftUITests.framework */,
				D0646E7885FC8579C662E023 /* Pods_MVVMRxSwiftTests.framework */,
			);
			name = Frameworks;
			sourceTree = "<group>";
		};
		68063E7D9D393BC72FEACAD6 /* Pods */ = {
			isa = PBXGroup;
			children = (
				9225FE3934A5E5F0FF8EF470 /* Pods-MVVMRxSwift.debug.xcconfig */,
				9165B631CFC54CE7757DC469 /* Pods-MVVMRxSwift.release.xcconfig */,
				3D44F3D95C556664BEF916F6 /* Pods-MVVMRxSwift-MVVMRxSwiftUITests.debug.xcconfig */,
				E8A19B1CF456A92F433920AE /* Pods-MVVMRxSwift-MVVMRxSwiftUITests.release.xcconfig */,
				F4D5132AC388EE4BED94525C /* Pods-MVVMRxSwiftTests.debug.xcconfig */,
				839D9DCA8D617243D45E2407 /* Pods-MVVMRxSwiftTests.release.xcconfig */,
			);
			path = Pods;
			sourceTree = "<group>";
		};
		9AA5220043C2C5C1FA7E060F /* assets */ = {
			isa = PBXGroup;
			children = (
				9AA52EBD08037E756D9CC0F2 /* restaurants.json */,
			);
			path = assets;
			sourceTree = "<group>";
		};
		9AA5273959C6C846E49FAE46 /* model */ = {
			isa = PBXGroup;
			children = (
				9AA5215B00BA93C1E6362296 /* Restaurant.swift */,
			);
			path = model;
			sourceTree = "<group>";
		};
		9AA52EF4DA4D04315EAE2B0E /* data */ = {
			isa = PBXGroup;
			children = (
				9AA526D59D11DC3ABF5F3467 /* RestaurantService.swift */,
			);
			path = data;
			sourceTree = "<group>";
		};
		9AA52FBD070C3E981937B854 /* stroyboard */ = {
			isa = PBXGroup;
			children = (
				9AA52F00BF0A9767E0AF6CC2 /* Main.storyboard */,
			);
			path = stroyboard;
			sourceTree = "<group>";
		};
		EECAB528261DE98000D3AC7E = {
			isa = PBXGroup;
			children = (
				EECAB533261DE98000D3AC7E /* MVVMRxSwift */,
				EECAB54A261DE98200D3AC7E /* MVVMRxSwiftTests */,
				EECAB555261DE98200D3AC7E /* MVVMRxSwiftUITests */,
				EECAB532261DE98000D3AC7E /* Products */,
				68063E7D9D393BC72FEACAD6 /* Pods */,
				6686082D9462DFA5475A51BE /* Frameworks */,
			);
			sourceTree = "<group>";
		};
		EECAB532261DE98000D3AC7E /* Products */ = {
			isa = PBXGroup;
			children = (
				EECAB531261DE98000D3AC7E /* MVVMRxSwift.app */,
				EECAB547261DE98200D3AC7E /* MVVMRxSwiftTests.xctest */,
				EECAB552261DE98200D3AC7E /* MVVMRxSwiftUITests.xctest */,
			);
			name = Products;
			sourceTree = "<group>";
		};
		EECAB533261DE98000D3AC7E /* MVVMRxSwift */ = {
			isa = PBXGroup;
			children = (
				EECAB58D2620C52500D3AC7E /* ui */,
				EECAB534261DE98000D3AC7E /* AppDelegate.swift */,
				EECAB536261DE98000D3AC7E /* SceneDelegate.swift */,
				EECAB53D261DE98100D3AC7E /* Assets.xcassets */,
				EECAB53F261DE98100D3AC7E /* LaunchScreen.storyboard */,
				EECAB542261DE98100D3AC7E /* Info.plist */,
				9AA5273959C6C846E49FAE46 /* model */,
				9AA5220043C2C5C1FA7E060F /* assets */,
				9AA52EF4DA4D04315EAE2B0E /* data */,
				9AA52FBD070C3E981937B854 /* stroyboard */,
			);
			path = MVVMRxSwift;
			sourceTree = "<group>";
		};
		EECAB54A261DE98200D3AC7E /* MVVMRxSwiftTests */ = {
			isa = PBXGroup;
			children = (
				EECAB54B261DE98200D3AC7E /* MVVMRxSwiftTests.swift */,
				EECAB54D261DE98200D3AC7E /* Info.plist */,
			);
			path = MVVMRxSwiftTests;
			sourceTree = "<group>";
		};
		EECAB555261DE98200D3AC7E /* MVVMRxSwiftUITests */ = {
			isa = PBXGroup;
			children = (
				EECAB556261DE98200D3AC7E /* MVVMRxSwiftUITests.swift */,
				EECAB558261DE98200D3AC7E /* Info.plist */,
			);
			path = MVVMRxSwiftUITests;
			sourceTree = "<group>";
		};
		EECAB58D2620C52500D3AC7E /* ui */ = {
			isa = PBXGroup;
			children = (
				EECAB58E2620C54000D3AC7E /* restaurant */,
			);
			path = ui;
			sourceTree = "<group>";
		};
		EECAB58E2620C54000D3AC7E /* restaurant */ = {
			isa = PBXGroup;
			children = (
				9AA52F6305D87C5780C43849 /* RestaurantViewController.swift */,
				9AA52353753A47292ABC4DEC /* RestaurantViewModel.swift */,
			);
			path = restaurant;
			sourceTree = "<group>";
		};
/* End PBXGroup section */

/* Begin PBXNativeTarget section */
		EECAB530261DE98000D3AC7E /* MVVMRxSwift */ = {
			isa = PBXNativeTarget;
			buildConfigurationList = EECAB55B261DE98200D3AC7E /* Build configuration list for PBXNativeTarget "MVVMRxSwift" */;
			buildPhases = (
				C35922DCC3D69668596E502D /* [CP] Check Pods Manifest.lock */,
				EECAB52D261DE98000D3AC7E /* Sources */,
				EECAB52E261DE98000D3AC7E /* Frameworks */,
				EECAB52F261DE98000D3AC7E /* Resources */,
				C9C939BDF4AAC34CE5701C78 /* [CP] Embed Pods Frameworks */,
			);
			buildRules = (
			);
			dependencies = (
			);
			name = MVVMRxSwift;
			productName = MVVMRxSwift;
			productReference = EECAB531261DE98000D3AC7E /* MVVMRxSwift.app */;
			productType = "com.apple.product-type.application";
		};
		EECAB546261DE98200D3AC7E /* MVVMRxSwiftTests */ = {
			isa = PBXNativeTarget;
			buildConfigurationList = EECAB55E261DE98200D3AC7E /* Build configuration list for PBXNativeTarget "MVVMRxSwiftTests" */;
			buildPhases = (
				AD9584FC1C01EF459FA17DFF /* [CP] Check Pods Manifest.lock */,
				EECAB543261DE98200D3AC7E /* Sources */,
				EECAB544261DE98200D3AC7E /* Frameworks */,
				EECAB545261DE98200D3AC7E /* Resources */,
			);
			buildRules = (
			);
			dependencies = (
				EECAB549261DE98200D3AC7E /* PBXTargetDependency */,
			);
			name = MVVMRxSwiftTests;
			productName = MVVMRxSwiftTests;
			productReference = EECAB547261DE98200D3AC7E /* MVVMRxSwiftTests.xctest */;
			productType = "com.apple.product-type.bundle.unit-test";
		};
		EECAB551261DE98200D3AC7E /* MVVMRxSwiftUITests */ = {
			isa = PBXNativeTarget;
			buildConfigurationList = EECAB561261DE98200D3AC7E /* Build configuration list for PBXNativeTarget "MVVMRxSwiftUITests" */;
			buildPhases = (
				B6EE3D4BFC988E52F0685FB3 /* [CP] Check Pods Manifest.lock */,
				EECAB54E261DE98200D3AC7E /* Sources */,
				EECAB54F261DE98200D3AC7E /* Frameworks */,
				EECAB550261DE98200D3AC7E /* Resources */,
				3EB4D1FEE661F7C73B9BC9D0 /* [CP] Embed Pods Frameworks */,
			);
			buildRules = (
			);
			dependencies = (
				EECAB554261DE98200D3AC7E /* PBXTargetDependency */,
			);
			name = MVVMRxSwiftUITests;
			productName = MVVMRxSwiftUITests;
			productReference = EECAB552261DE98200D3AC7E /* MVVMRxSwiftUITests.xctest */;
			productType = "com.apple.product-type.bundle.ui-testing";
		};
/* End PBXNativeTarget section */

/* Begin PBXProject section */
		EECAB529261DE98000D3AC7E /* Project object */ = {
			isa = PBXProject;
			attributes = {
				LastSwiftUpdateCheck = 1240;
				LastUpgradeCheck = 1240;
				TargetAttributes = {
					EECAB530261DE98000D3AC7E = {
						CreatedOnToolsVersion = 12.4;
					};
					EECAB546261DE98200D3AC7E = {
						CreatedOnToolsVersion = 12.4;
						TestTargetID = EECAB530261DE98000D3AC7E;
					};
					EECAB551261DE98200D3AC7E = {
						CreatedOnToolsVersion = 12.4;
						TestTargetID = EECAB530261DE98000D3AC7E;
					};
				};
			};
			buildConfigurationList = EECAB52C261DE98000D3AC7E /* Build configuration list for PBXProject "MVVMRxSwift" */;
			compatibilityVersion = "Xcode 9.3";
			developmentRegion = en;
			hasScannedForEncodings = 0;
			knownRegions = (
				en,
				Base,
			);
			mainGroup = EECAB528261DE98000D3AC7E;
			productRefGroup = EECAB532261DE98000D3AC7E /* Products */;
			projectDirPath = "";
			projectRoot = "";
			targets = (
				EECAB530261DE98000D3AC7E /* MVVMRxSwift */,
				EECAB546261DE98200D3AC7E /* MVVMRxSwiftTests */,
				EECAB551261DE98200D3AC7E /* MVVMRxSwiftUITests */,
			);
		};
/* End PBXProject section */

/* Begin PBXResourcesBuildPhase section */
		EECAB52F261DE98000D3AC7E /* Resources */ = {
			isa = PBXResourcesBuildPhase;
			buildActionMask = 2147483647;
			files = (
				EECAB541261DE98100D3AC7E /* LaunchScreen.storyboard in Resources */,
				EECAB53E261DE98100D3AC7E /* Assets.xcassets in Resources */,
				9AA52DC38CD73A6343355E9F /* restaurants.json in Resources */,
				9AA521366735034C5F2B5B66 /* Main.storyboard in Resources */,
			);
			runOnlyForDeploymentPostprocessing = 0;
		};
		EECAB545261DE98200D3AC7E /* Resources */ = {
			isa = PBXResourcesBuildPhase;
			buildActionMask = 2147483647;
			files = (
			);
			runOnlyForDeploymentPostprocessing = 0;
		};
		EECAB550261DE98200D3AC7E /* Resources */ = {
			isa = PBXResourcesBuildPhase;
			buildActionMask = 2147483647;
			files = (
			);
			runOnlyForDeploymentPostprocessing = 0;
		};
/* End PBXResourcesBuildPhase section */

/* Begin PBXShellScriptBuildPhase section */
		3EB4D1FEE661F7C73B9BC9D0 /* [CP] Embed Pods Frameworks */ = {
			isa = PBXShellScriptBuildPhase;
			buildActionMask = 2147483647;
			files = (
			);
			inputFileListPaths = (
				"${PODS_ROOT}/Target Support Files/Pods-MVVMRxSwift-MVVMRxSwiftUITests/Pods-MVVMRxSwift-MVVMRxSwiftUITests-frameworks-${CONFIGURATION}-input-files.xcfilelist",
			);
			name = "[CP] Embed Pods Frameworks";
			outputFileListPaths = (
				"${PODS_ROOT}/Target Support Files/Pods-MVVMRxSwift-MVVMRxSwiftUITests/Pods-MVVMRxSwift-MVVMRxSwiftUITests-frameworks-${CONFIGURATION}-output-files.xcfilelist",
			);
			runOnlyForDeploymentPostprocessing = 0;
			shellPath = /bin/sh;
			shellScript = "\"${PODS_ROOT}/Target Support Files/Pods-MVVMRxSwift-MVVMRxSwiftUITests/Pods-MVVMRxSwift-MVVMRxSwiftUITests-frameworks.sh\"\n";
			showEnvVarsInLog = 0;
		};
		AD9584FC1C01EF459FA17DFF /* [CP] Check Pods Manifest.lock */ = {
			isa = PBXShellScriptBuildPhase;
			buildActionMask = 2147483647;
			files = (
			);
			inputFileListPaths = (
			);
			inputPaths = (
				"${PODS_PODFILE_DIR_PATH}/Podfile.lock",
				"${PODS_ROOT}/Manifest.lock",
			);
			name = "[CP] Check Pods Manifest.lock";
			outputFileListPaths = (
			);
			outputPaths = (
				"$(DERIVED_FILE_DIR)/Pods-MVVMRxSwiftTests-checkManifestLockResult.txt",
			);
			runOnlyForDeploymentPostprocessing = 0;
			shellPath = /bin/sh;
			shellScript = "diff \"${PODS_PODFILE_DIR_PATH}/Podfile.lock\" \"${PODS_ROOT}/Manifest.lock\" > /dev/null\nif [ $? != 0 ] ; then\n    # print error to STDERR\n    echo \"error: The sandbox is not in sync with the Podfile.lock. Run 'pod install' or update your CocoaPods installation.\" >&2\n    exit 1\nfi\n# This output is used by Xcode 'outputs' to avoid re-running this script phase.\necho \"SUCCESS\" > \"${SCRIPT_OUTPUT_FILE_0}\"\n";
			showEnvVarsInLog = 0;
		};
		B6EE3D4BFC988E52F0685FB3 /* [CP] Check Pods Manifest.lock */ = {
			isa = PBXShellScriptBuildPhase;
			buildActionMask = 2147483647;
			files = (
			);
			inputFileListPaths = (
			);
			inputPaths = (
				"${PODS_PODFILE_DIR_PATH}/Podfile.lock",
				"${PODS_ROOT}/Manifest.lock",
			);
			name = "[CP] Check Pods Manifest.lock";
			outputFileListPaths = (
			);
			outputPaths = (
				"$(DERIVED_FILE_DIR)/Pods-MVVMRxSwift-MVVMRxSwiftUITests-checkManifestLockResult.txt",
			);
			runOnlyForDeploymentPostprocessing = 0;
			shellPath = /bin/sh;
			shellScript = "diff \"${PODS_PODFILE_DIR_PATH}/Podfile.lock\" \"${PODS_ROOT}/Manifest.lock\" > /dev/null\nif [ $? != 0 ] ; then\n    # print error to STDERR\n    echo \"error: The sandbox is not in sync with the Podfile.lock. Run 'pod install' or update your CocoaPods installation.\" >&2\n    exit 1\nfi\n# This output is used by Xcode 'outputs' to avoid re-running this script phase.\necho \"SUCCESS\" > \"${SCRIPT_OUTPUT_FILE_0}\"\n";
			showEnvVarsInLog = 0;
		};
		C35922DCC3D69668596E502D /* [CP] Check Pods Manifest.lock */ = {
			isa = PBXShellScriptBuildPhase;
			buildActionMask = 2147483647;
			files = (
			);
			inputFileListPaths = (
			);
			inputPaths = (
				"${PODS_PODFILE_DIR_PATH}/Podfile.lock",
				"${PODS_ROOT}/Manifest.lock",
			);
			name = "[CP] Check Pods Manifest.lock";
			outputFileListPaths = (
			);
			outputPaths = (
				"$(DERIVED_FILE_DIR)/Pods-MVVMRxSwift-checkManifestLockResult.txt",
			);
			runOnlyForDeploymentPostprocessing = 0;
			shellPath = /bin/sh;
			shellScript = "diff \"${PODS_PODFILE_DIR_PATH}/Podfile.lock\" \"${PODS_ROOT}/Manifest.lock\" > /dev/null\nif [ $? != 0 ] ; then\n    # print error to STDERR\n    echo \"error: The sandbox is not in sync with the Podfile.lock. Run 'pod install' or update your CocoaPods installation.\" >&2\n    exit 1\nfi\n# This output is used by Xcode 'outputs' to avoid re-running this script phase.\necho \"SUCCESS\" > \"${SCRIPT_OUTPUT_FILE_0}\"\n";
			showEnvVarsInLog = 0;
		};
		C9C939BDF4AAC34CE5701C78 /* [CP] Embed Pods Frameworks */ = {
			isa = PBXShellScriptBuildPhase;
			buildActionMask = 2147483647;
			files = (
			);
			inputFileListPaths = (
				"${PODS_ROOT}/Target Support Files/Pods-MVVMRxSwift/Pods-MVVMRxSwift-frameworks-${CONFIGURATION}-input-files.xcfilelist",
			);
			name = "[CP] Embed Pods Frameworks";
			outputFileListPaths = (
				"${PODS_ROOT}/Target Support Files/Pods-MVVMRxSwift/Pods-MVVMRxSwift-frameworks-${CONFIGURATION}-output-files.xcfilelist",
			);
			runOnlyForDeploymentPostprocessing = 0;
			shellPath = /bin/sh;
			shellScript = "\"${PODS_ROOT}/Target Support Files/Pods-MVVMRxSwift/Pods-MVVMRxSwift-frameworks.sh\"\n";
			showEnvVarsInLog = 0;
		};
/* End PBXShellScriptBuildPhase section */

/* Begin PBXSourcesBuildPhase section */
		EECAB52D261DE98000D3AC7E /* Sources */ = {
			isa = PBXSourcesBuildPhase;
			buildActionMask = 2147483647;
			files = (
				EECAB535261DE98000D3AC7E /* AppDelegate.swift in Sources */,
				EECAB537261DE98000D3AC7E /* SceneDelegate.swift in Sources */,
				9AA5216D02FDEAEFF2D1533A /* Restaurant.swift in Sources */,
				9AA5217BCA3883EFAB6DB894 /* RestaurantService.swift in Sources */,
				9AA52300AC58177E0D2381AA /* RestaurantViewController.swift in Sources */,
				9AA52E9F25ABE6C4FB410EDB /* RestaurantViewModel.swift in Sources */,
			);
			runOnlyForDeploymentPostprocessing = 0;
		};
		EECAB543261DE98200D3AC7E /* Sources */ = {
			isa = PBXSourcesBuildPhase;
			buildActionMask = 2147483647;
			files = (
				EECAB54C261DE98200D3AC7E /* MVVMRxSwiftTests.swift in Sources */,
			);
			runOnlyForDeploymentPostprocessing = 0;
		};
		EECAB54E261DE98200D3AC7E /* Sources */ = {
			isa = PBXSourcesBuildPhase;
			buildActionMask = 2147483647;
			files = (
				EECAB557261DE98200D3AC7E /* MVVMRxSwiftUITests.swift in Sources */,
			);
			runOnlyForDeploymentPostprocessing = 0;
		};
/* End PBXSourcesBuildPhase section */

/* Begin PBXTargetDependency section */
		EECAB549261DE98200D3AC7E /* PBXTargetDependency */ = {
			isa = PBXTargetDependency;
			target = EECAB530261DE98000D3AC7E /* MVVMRxSwift */;
			targetProxy = EECAB548261DE98200D3AC7E /* PBXContainerItemProxy */;
		};
		EECAB554261DE98200D3AC7E /* PBXTargetDependency */ = {
			isa = PBXTargetDependency;
			target = EECAB530261DE98000D3AC7E /* MVVMRxSwift */;
			targetProxy = EECAB553261DE98200D3AC7E /* PBXContainerItemProxy */;
		};
/* End PBXTargetDependency section */

/* Begin PBXVariantGroup section */
		EECAB53F261DE98100D3AC7E /* LaunchScreen.storyboard */ = {
			isa = PBXVariantGroup;
			children = (
				EECAB540261DE98100D3AC7E /* Base */,
			);
			name = LaunchScreen.storyboard;
			sourceTree = "<group>";
		};
/* End PBXVariantGroup section */

/* Begin XCBuildConfiguration section */
		EECAB559261DE98200D3AC7E /* Debug */ = {
			isa = XCBuildConfiguration;
			buildSettings = {
				ALWAYS_SEARCH_USER_PATHS = NO;
				CLANG_ANALYZER_NONNULL = YES;
				CLANG_ANALYZER_NUMBER_OBJECT_CONVERSION = YES_AGGRESSIVE;
				CLANG_CXX_LANGUAGE_STANDARD = "gnu++14";
				CLANG_CXX_LIBRARY = "libc++";
				CLANG_ENABLE_MODULES = YES;
				CLANG_ENABLE_OBJC_ARC = YES;
				CLANG_ENABLE_OBJC_WEAK = YES;
				CLANG_WARN_BLOCK_CAPTURE_AUTORELEASING = YES;
				CLANG_WARN_BOOL_CONVERSION = YES;
				CLANG_WARN_COMMA = YES;
				CLANG_WARN_CONSTANT_CONVERSION = YES;
				CLANG_WARN_DEPRECATED_OBJC_IMPLEMENTATIONS = YES;
				CLANG_WARN_DIRECT_OBJC_ISA_USAGE = YES_ERROR;
				CLANG_WARN_DOCUMENTATION_COMMENTS = YES;
				CLANG_WARN_EMPTY_BODY = YES;
				CLANG_WARN_ENUM_CONVERSION = YES;
				CLANG_WARN_INFINITE_RECURSION = YES;
				CLANG_WARN_INT_CONVERSION = YES;
				CLANG_WARN_NON_LITERAL_NULL_CONVERSION = YES;
				CLANG_WARN_OBJC_IMPLICIT_RETAIN_SELF = YES;
				CLANG_WARN_OBJC_LITERAL_CONVERSION = YES;
				CLANG_WARN_OBJC_ROOT_CLASS = YES_ERROR;
				CLANG_WARN_QUOTED_INCLUDE_IN_FRAMEWORK_HEADER = YES;
				CLANG_WARN_RANGE_LOOP_ANALYSIS = YES;
				CLANG_WARN_STRICT_PROTOTYPES = YES;
				CLANG_WARN_SUSPICIOUS_MOVE = YES;
				CLANG_WARN_UNGUARDED_AVAILABILITY = YES_AGGRESSIVE;
				CLANG_WARN_UNREACHABLE_CODE = YES;
				CLANG_WARN__DUPLICATE_METHOD_MATCH = YES;
				COPY_PHASE_STRIP = NO;
				DEBUG_INFORMATION_FORMAT = dwarf;
				ENABLE_STRICT_OBJC_MSGSEND = YES;
				ENABLE_TESTABILITY = YES;
				GCC_C_LANGUAGE_STANDARD = gnu11;
				GCC_DYNAMIC_NO_PIC = NO;
				GCC_NO_COMMON_BLOCKS = YES;
				GCC_OPTIMIZATION_LEVEL = 0;
				GCC_PREPROCESSOR_DEFINITIONS = (
					"DEBUG=1",
					"$(inherited)",
				);
				GCC_WARN_64_TO_32_BIT_CONVERSION = YES;
				GCC_WARN_ABOUT_RETURN_TYPE = YES_ERROR;
				GCC_WARN_UNDECLARED_SELECTOR = YES;
				GCC_WARN_UNINITIALIZED_AUTOS = YES_AGGRESSIVE;
				GCC_WARN_UNUSED_FUNCTION = YES;
				GCC_WARN_UNUSED_VARIABLE = YES;
				IPHONEOS_DEPLOYMENT_TARGET = 14.4;
				MTL_ENABLE_DEBUG_INFO = INCLUDE_SOURCE;
				MTL_FAST_MATH = YES;
				ONLY_ACTIVE_ARCH = YES;
				SDKROOT = iphoneos;
				SWIFT_ACTIVE_COMPILATION_CONDITIONS = DEBUG;
				SWIFT_OPTIMIZATION_LEVEL = "-Onone";
			};
			name = Debug;
		};
		EECAB55A261DE98200D3AC7E /* Release */ = {
			isa = XCBuildConfiguration;
			buildSettings = {
				ALWAYS_SEARCH_USER_PATHS = NO;
				CLANG_ANALYZER_NONNULL = YES;
				CLANG_ANALYZER_NUMBER_OBJECT_CONVERSION = YES_AGGRESSIVE;
				CLANG_CXX_LANGUAGE_STANDARD = "gnu++14";
				CLANG_CXX_LIBRARY = "libc++";
				CLANG_ENABLE_MODULES = YES;
				CLANG_ENABLE_OBJC_ARC = YES;
				CLANG_ENABLE_OBJC_WEAK = YES;
				CLANG_WARN_BLOCK_CAPTURE_AUTORELEASING = YES;
				CLANG_WARN_BOOL_CONVERSION = YES;
				CLANG_WARN_COMMA = YES;
				CLANG_WARN_CONSTANT_CONVERSION = YES;
				CLANG_WARN_DEPRECATED_OBJC_IMPLEMENTATIONS = YES;
				CLANG_WARN_DIRECT_OBJC_ISA_USAGE = YES_ERROR;
				CLANG_WARN_DOCUMENTATION_COMMENTS = YES;
				CLANG_WARN_EMPTY_BODY = YES;
				CLANG_WARN_ENUM_CONVERSION = YES;
				CLANG_WARN_INFINITE_RECURSION = YES;
				CLANG_WARN_INT_CONVERSION = YES;
				CLANG_WARN_NON_LITERAL_NULL_CONVERSION = YES;
				CLANG_WARN_OBJC_IMPLICIT_RETAIN_SELF = YES;
				CLANG_WARN_OBJC_LITERAL_CONVERSION = YES;
				CLANG_WARN_OBJC_ROOT_CLASS = YES_ERROR;
				CLANG_WARN_QUOTED_INCLUDE_IN_FRAMEWORK_HEADER = YES;
				CLANG_WARN_RANGE_LOOP_ANALYSIS = YES;
				CLANG_WARN_STRICT_PROTOTYPES = YES;
				CLANG_WARN_SUSPICIOUS_MOVE = YES;
				CLANG_WARN_UNGUARDED_AVAILABILITY = YES_AGGRESSIVE;
				CLANG_WARN_UNREACHABLE_CODE = YES;
				CLANG_WARN__DUPLICATE_METHOD_MATCH = YES;
				COPY_PHASE_STRIP = NO;
				DEBUG_INFORMATION_FORMAT = "dwarf-with-dsym";
				ENABLE_NS_ASSERTIONS = NO;
				ENABLE_STRICT_OBJC_MSGSEND = YES;
				GCC_C_LANGUAGE_STANDARD = gnu11;
				GCC_NO_COMMON_BLOCKS = YES;
				GCC_WARN_64_TO_32_BIT_CONVERSION = YES;
				GCC_WARN_ABOUT_RETURN_TYPE = YES_ERROR;
				GCC_WARN_UNDECLARED_SELECTOR = YES;
				GCC_WARN_UNINITIALIZED_AUTOS = YES_AGGRESSIVE;
				GCC_WARN_UNUSED_FUNCTION = YES;
				GCC_WARN_UNUSED_VARIABLE = YES;
				IPHONEOS_DEPLOYMENT_TARGET = 14.4;
				MTL_ENABLE_DEBUG_INFO = NO;
				MTL_FAST_MATH = YES;
				SDKROOT = iphoneos;
				SWIFT_COMPILATION_MODE = wholemodule;
				SWIFT_OPTIMIZATION_LEVEL = "-O";
				VALIDATE_PRODUCT = YES;
			};
			name = Release;
		};
		EECAB55C261DE98200D3AC7E /* Debug */ = {
			isa = XCBuildConfiguration;
			baseConfigurationReference = 9225FE3934A5E5F0FF8EF470 /* Pods-MVVMRxSwift.debug.xcconfig */;
			buildSettings = {
				ASSETCATALOG_COMPILER_APPICON_NAME = AppIcon;
				ASSETCATALOG_COMPILER_GLOBAL_ACCENT_COLOR_NAME = AccentColor;
				CODE_SIGN_STYLE = Automatic;
				DEVELOPMENT_TEAM = 9P5Q4AVPH8;
				INFOPLIST_FILE = MVVMRxSwift/Info.plist;
				LD_RUNPATH_SEARCH_PATHS = (
					"$(inherited)",
					"@executable_path/Frameworks",
				);
				PRODUCT_BUNDLE_IDENTIFIER = com.dino.MVVMRxSwift;
				PRODUCT_NAME = "$(TARGET_NAME)";
				SWIFT_VERSION = 5.0;
				TARGETED_DEVICE_FAMILY = "1,2";
			};
			name = Debug;
		};
		EECAB55D261DE98200D3AC7E /* Release */ = {
			isa = XCBuildConfiguration;
			baseConfigurationReference = 9165B631CFC54CE7757DC469 /* Pods-MVVMRxSwift.release.xcconfig */;
			buildSettings = {
				ASSETCATALOG_COMPILER_APPICON_NAME = AppIcon;
				ASSETCATALOG_COMPILER_GLOBAL_ACCENT_COLOR_NAME = AccentColor;
				CODE_SIGN_STYLE = Automatic;
				DEVELOPMENT_TEAM = 9P5Q4AVPH8;
				INFOPLIST_FILE = MVVMRxSwift/Info.plist;
				LD_RUNPATH_SEARCH_PATHS = (
					"$(inherited)",
					"@executable_path/Frameworks",
				);
				PRODUCT_BUNDLE_IDENTIFIER = com.dino.MVVMRxSwift;
				PRODUCT_NAME = "$(TARGET_NAME)";
				SWIFT_VERSION = 5.0;
				TARGETED_DEVICE_FAMILY = "1,2";
			};
			name = Release;
		};
		EECAB55F261DE98200D3AC7E /* Debug */ = {
			isa = XCBuildConfiguration;
			baseConfigurationReference = F4D5132AC388EE4BED94525C /* Pods-MVVMRxSwiftTests.debug.xcconfig */;
			buildSettings = {
				ALWAYS_EMBED_SWIFT_STANDARD_LIBRARIES = YES;
				BUNDLE_LOADER = "$(TEST_HOST)";
				CODE_SIGN_STYLE = Automatic;
				DEVELOPMENT_TEAM = 9P5Q4AVPH8;
				INFOPLIST_FILE = MVVMRxSwiftTests/Info.plist;
				IPHONEOS_DEPLOYMENT_TARGET = 14.4;
				LD_RUNPATH_SEARCH_PATHS = (
					"$(inherited)",
					"@executable_path/Frameworks",
					"@loader_path/Frameworks",
				);
				PRODUCT_BUNDLE_IDENTIFIER = com.dino.MVVMRxSwiftTests;
				PRODUCT_NAME = "$(TARGET_NAME)";
				SWIFT_VERSION = 5.0;
				TARGETED_DEVICE_FAMILY = "1,2";
				TEST_HOST = "$(BUILT_PRODUCTS_DIR)/MVVMRxSwift.app/MVVMRxSwift";
			};
			name = Debug;
		};
		EECAB560261DE98200D3AC7E /* Release */ = {
			isa = XCBuildConfiguration;
			baseConfigurationReference = 839D9DCA8D617243D45E2407 /* Pods-MVVMRxSwiftTests.release.xcconfig */;
			buildSettings = {
				ALWAYS_EMBED_SWIFT_STANDARD_LIBRARIES = YES;
				BUNDLE_LOADER = "$(TEST_HOST)";
				CODE_SIGN_STYLE = Automatic;
				DEVELOPMENT_TEAM = 9P5Q4AVPH8;
				INFOPLIST_FILE = MVVMRxSwiftTests/Info.plist;
				IPHONEOS_DEPLOYMENT_TARGET = 14.4;
				LD_RUNPATH_SEARCH_PATHS = (
					"$(inherited)",
					"@executable_path/Frameworks",
					"@loader_path/Frameworks",
				);
				PRODUCT_BUNDLE_IDENTIFIER = com.dino.MVVMRxSwiftTests;
				PRODUCT_NAME = "$(TARGET_NAME)";
				SWIFT_VERSION = 5.0;
				TARGETED_DEVICE_FAMILY = "1,2";
				TEST_HOST = "$(BUILT_PRODUCTS_DIR)/MVVMRxSwift.app/MVVMRxSwift";
			};
			name = Release;
		};
		EECAB562261DE98200D3AC7E /* Debug */ = {
			isa = XCBuildConfiguration;
			baseConfigurationReference = 3D44F3D95C556664BEF916F6 /* Pods-MVVMRxSwift-MVVMRxSwiftUITests.debug.xcconfig */;
			buildSettings = {
				ALWAYS_EMBED_SWIFT_STANDARD_LIBRARIES = YES;
				CODE_SIGN_STYLE = Automatic;
				DEVELOPMENT_TEAM = 9P5Q4AVPH8;
				INFOPLIST_FILE = MVVMRxSwiftUITests/Info.plist;
				LD_RUNPATH_SEARCH_PATHS = (
					"$(inherited)",
					"@executable_path/Frameworks",
					"@loader_path/Frameworks",
				);
				PRODUCT_BUNDLE_IDENTIFIER = com.dino.MVVMRxSwiftUITests;
				PRODUCT_NAME = "$(TARGET_NAME)";
				SWIFT_VERSION = 5.0;
				TARGETED_DEVICE_FAMILY = "1,2";
				TEST_TARGET_NAME = MVVMRxSwift;
			};
			name = Debug;
		};
		EECAB563261DE98200D3AC7E /* Release */ = {
			isa = XCBuildConfiguration;
			baseConfigurationReference = E8A19B1CF456A92F433920AE /* Pods-MVVMRxSwift-MVVMRxSwiftUITests.release.xcconfig */;
			buildSettings = {
				ALWAYS_EMBED_SWIFT_STANDARD_LIBRARIES = YES;
				CODE_SIGN_STYLE = Automatic;
				DEVELOPMENT_TEAM = 9P5Q4AVPH8;
				INFOPLIST_FILE = MVVMRxSwiftUITests/Info.plist;
				LD_RUNPATH_SEARCH_PATHS = (
					"$(inherited)",
					"@executable_path/Frameworks",
					"@loader_path/Frameworks",
				);
				PRODUCT_BUNDLE_IDENTIFIER = com.dino.MVVMRxSwiftUITests;
				PRODUCT_NAME = "$(TARGET_NAME)";
				SWIFT_VERSION = 5.0;
				TARGETED_DEVICE_FAMILY = "1,2";
				TEST_TARGET_NAME = MVVMRxSwift;
			};
			name = Release;
		};
/* End XCBuildConfiguration section */

/* Begin XCConfigurationList section */
		EECAB52C261DE98000D3AC7E /* Build configuration list for PBXProject "MVVMRxSwift" */ = {
			isa = XCConfigurationList;
			buildConfigurations = (
				EECAB559261DE98200D3AC7E /* Debug */,
				EECAB55A261DE98200D3AC7E /* Release */,
			);
			defaultConfigurationIsVisible = 0;
			defaultConfigurationName = Release;
		};
		EECAB55B261DE98200D3AC7E /* Build configuration list for PBXNativeTarget "MVVMRxSwift" */ = {
			isa = XCConfigurationList;
			buildConfigurations = (
				EECAB55C261DE98200D3AC7E /* Debug */,
				EECAB55D261DE98200D3AC7E /* Release */,
			);
			defaultConfigurationIsVisible = 0;
			defaultConfigurationName = Release;
		};
		EECAB55E261DE98200D3AC7E /* Build configuration list for PBXNativeTarget "MVVMRxSwiftTests" */ = {
			isa = XCConfigurationList;
			buildConfigurations = (
				EECAB55F261DE98200D3AC7E /* Debug */,
				EECAB560261DE98200D3AC7E /* Release */,
			);
			defaultConfigurationIsVisible = 0;
			defaultConfigurationName = Release;
		};
		EECAB561261DE98200D3AC7E /* Build configuration list for PBXNativeTarget "MVVMRxSwiftUITests" */ = {
			isa = XCConfigurationList;
			buildConfigurations = (
				EECAB562261DE98200D3AC7E /* Debug */,
				EECAB563261DE98200D3AC7E /* Release */,
			);
			defaultConfigurationIsVisible = 0;
			defaultConfigurationName = Release;
		};
/* End XCConfigurationList section */
	};
	rootObject = EECAB529261DE98000D3AC7E /* Project object */;
}
